
Microsoft Visual Studio Solution File, Format Version 12.00
# Visual Studio Version 17
VisualStudioVersion = 17.11.35222.181
MinimumVisualStudioVersion = 10.0.40219.1
Project("{FAE04EC0-301F-11D3-BF4B-00C04F79EFBC}") = "cw1", "cw1\cw1.csproj", "{63BEE7DA-9606-494D-BD60-B5FFFD19A028}"
EndProject
Global
	GlobalSection(SolutionConfigurationPlatforms) = preSolution
		Debug|Any CPU = Debug|Any CPU
		Release|Any CPU = Release|Any CPU
	EndGlobalSection
	GlobalSection(ProjectConfigurationPlatforms) = postSolution
		{63BEE7DA-9606-494D-BD60-B5FFFD19A028}.Debug|Any CPU.ActiveCfg = Debug|Any CPU
		{63BEE7DA-9606-494D-BD60-B5FFFD19A028}.Debug|Any CPU.Build.0 = Debug|Any CPU
		{63BEE7DA-9606-494D-BD60-B5FFFD19A028}.Release|Any CPU.ActiveCfg = Release|Any CPU
		{63BEE7DA-9606-494D-BD60-B5FFFD19A028}.Release|Any CPU.Build.0 = Release|Any CPU
	EndGlobalSection
	GlobalSection(SolutionProperties) = preSolution
		HideSolutionNode = FALSE
	EndGlobalSection
	GlobalSection(ExtensibilityGlobals) = postSolution
		SolutionGuid = {CE14427A-1AC1-4C53-A448-7C31B30531D8}
	EndGlobalSection
EndGlobal
